
Microsoft Visual Studio Solution File, Format Version 12.00
# Visual Studio Version 16
VisualStudioVersion = 16.0.29411.108
MinimumVisualStudioVersion = 10.0.40219.1
Project("{FAE04EC0-301F-11D3-BF4B-00C04F79EFBC}") = "EmpInfo", "EmpInfo.csproj", "{16BC7783-DF99-4A67-9A16-8AC08047F73E}"
EndProject
Global
	GlobalSection(SolutionConfigurationPlatforms) = preSolution
		Debug|Any CPU = Debug|Any CPU
		Release|Any CPU = Release|Any CPU
	EndGlobalSection
	GlobalSection(ProjectConfigurationPlatforms) = postSolution
		{16BC7783-DF99-4A67-9A16-8AC08047F73E}.Debug|Any CPU.ActiveCfg = Debug|Any CPU
		{16BC7783-DF99-4A67-9A16-8AC08047F73E}.Debug|Any CPU.Build.0 = Debug|Any CPU
		{16BC7783-DF99-4A67-9A16-8AC08047F73E}.Release|Any CPU.ActiveCfg = Release|Any CPU
		{16BC7783-DF99-4A67-9A16-8AC08047F73E}.Release|Any CPU.Build.0 = Release|Any CPU
	EndGlobalSection
	GlobalSection(SolutionProperties) = preSolution
		HideSolutionNode = FALSE
	EndGlobalSection
	GlobalSection(ExtensibilityGlobals) = postSolution
		SolutionGuid = {029F2C6F-9F5F-4794-A155-1F76FE84DAA2}
	EndGlobalSection
EndGlobal
